
Microsoft Visual Studio Solution File, Format Version 12.00
# Visual Studio Version 17
VisualStudioVersion = 17.14.37111.16 d17.14
MinimumVisualStudioVersion = 10.0.40219.1
Project("{FAE04EC0-301F-11D3-BF4B-00C04F79EFBC}") = "AISmartStudy", "AISmartStudy\AISmartStudy.csproj", "{A29F5CA1-A363-46BC-BF6D-5007009E00A7}"
EndProject
Global
	GlobalSection(SolutionConfigurationPlatforms) = preSolution
		Debug|Any CPU = Debug|Any CPU
		Release|Any CPU = Release|Any CPU
	EndGlobalSection
	GlobalSection(ProjectConfigurationPlatforms) = postSolution
		{A29F5CA1-A363-46BC-BF6D-5007009E00A7}.Debug|Any CPU.ActiveCfg = Debug|Any CPU
		{A29F5CA1-A363-46BC-BF6D-5007009E00A7}.Debug|Any CPU.Build.0 = Debug|Any CPU
		{A29F5CA1-A363-46BC-BF6D-5007009E00A7}.Release|Any CPU.ActiveCfg = Release|Any CPU
		{A29F5CA1-A363-46BC-BF6D-5007009E00A7}.Release|Any CPU.Build.0 = Release|Any CPU
	EndGlobalSection
	GlobalSection(SolutionProperties) = preSolution
		HideSolutionNode = FALSE
	EndGlobalSection
	GlobalSection(ExtensibilityGlobals) = postSolution
		SolutionGuid = {0481444C-B86E-4AC0-902D-621096384F14}
	EndGlobalSection
EndGlobal
